<?xml version="1.0" encoding="utf-8"?>
<Project ToolsVersion="15.0" xmlns="http://schemas.microsoft.com/developer/msbuild/2003">
  <ItemGroup>
    <Filter Include="Resources">
      <UniqueIdentifier>c937a48f-d89b-47b2-ad2a-8c90e3d84f4a</UniqueIdentifier>
      <Extensions>rc;ico;cur;bmp;dlg;rc2;rct;bin;rgs;gif;jpg;jpeg;jpe;resx;tga;tiff;tif;png;wav;mfcribbon-ms</Extensions>
    </Filter>
    <Filter Include="Source">
      <UniqueIdentifier>{2c941807-0cc2-4fba-83b3-cdb8a002702b}</UniqueIdentifier>
    </Filter>
  </ItemGroup>
  <ItemGroup>
    <ClCompile Include="pch.cpp" />
    <ClCompile Include="Source\FftRealPair.cpp">
      <Filter>Source</Filter>
    </ClCompile>
    <ClCompile Include="FftHelper.cpp">
      <Filter>Source</Filter>
    </ClCompile>
  </ItemGroup>
  <ItemGroup>
    <ClInclude Include="pch.h" />
    <ClInclude Include="Source\FftRealPair.hpp">
      <Filter>Source</Filter>
    </ClInclude>
    <ClInclude Include="FftHelper.hpp">
      <Filter>Source</Filter>
    </ClInclude>
  </ItemGroup>
</Project>