<?xml version="1.0" encoding="utf-8"?>
<Project ToolsVersion="15.0" xmlns="http://schemas.microsoft.com/developer/msbuild/2003">
  <ItemGroup>
    <Filter Include="Resources">
      <UniqueIdentifier>c937a48f-d89b-47b2-ad2a-8c90e3d84f4a</UniqueIdentifier>
      <Extensions>rc;ico;cur;bmp;dlg;rc2;rct;bin;rgs;gif;jpg;jpeg;jpe;resx;tga;tiff;tif;png;wav;mfcribbon-ms</Extensions>
    </Filter>
    <Filter Include="Converters">
      <UniqueIdentifier>{2dba71a2-342d-49de-9dac-578fb46b3137}</UniqueIdentifier>
    </Filter>
    <Filter Include="Commands">
      <UniqueIdentifier>{c5b22f4b-f662-4fb2-98d0-141dd3931b77}</UniqueIdentifier>
    </Filter>
    <Filter Include="Fourier">
      <UniqueIdentifier>{2c941807-0cc2-4fba-83b3-cdb8a002702b}</UniqueIdentifier>
    </Filter>
    <Filter Include="Dicom">
      <UniqueIdentifier>{97dce6d3-8761-4fa3-bad6-dfbdc31114ce}</UniqueIdentifier>
    </Filter>
  </ItemGroup>
  <ItemGroup>
    <ClCompile Include="pch.cpp" />
    <ClCompile Include="Source\FftRealPair.cpp">
      <Filter>Fourier</Filter>
    </ClCompile>
    <ClCompile Include="FftHelper.cpp">
      <Filter>Fourier</Filter>
    </ClCompile>
    <ClCompile Include="RatingConverter.hpp">
      <Filter>Converters</Filter>
    </ClCompile>
    <ClCompile Include="BindableBase.cpp" />
    <ClCompile Include="DicomService.cpp">
      <Filter>Dicom</Filter>
    </ClCompile>
  </ItemGroup>
  <ItemGroup>
    <ClInclude Include="pch.h" />
    <ClInclude Include="Source\FftRealPair.hpp">
      <Filter>Fourier</Filter>
    </ClInclude>
    <ClInclude Include="FftHelper.hpp">
      <Filter>Fourier</Filter>
    </ClInclude>
    <ClInclude Include="TestConverter.hpp">
      <Filter>Converters</Filter>
    </ClInclude>
    <ClInclude Include="DelegateCommand.hpp">
      <Filter>Commands</Filter>
    </ClInclude>
    <ClInclude Include="DicomService.hpp">
      <Filter>Dicom</Filter>
    </ClInclude>
  </ItemGroup>
</Project>